# THIS IS AN AUTOGENERATED FILE. DO NOT EDIT THIS FILE DIRECTLY.
# yarn lockfile v1


"@types/better-sqlite3@^3.1.3":
  version "3.1.3"
  resolved "https://registry.yarnpkg.com/@types/better-sqlite3/-/better-sqlite3-3.1.3.tgz#cd74eb09393ccc06014b8d9bae4f8d5e4b99c5fb"
  dependencies:
    "@types/integer" "*"

"@types/integer@*":
  version "1.0.0"
  resolved "https://registry.yarnpkg.com/@types/integer/-/integer-1.0.0.tgz#f5b313876012fad0afeb5318f03cb871064eb33e"

ansi-styles@^3.2.1:
  version "3.2.1"
  resolved "https://registry.yarnpkg.com/ansi-styles/-/ansi-styles-3.2.1.tgz#41fbb20243e50b12be0f04b8dedbf07520ce841d"
  dependencies:
    color-convert "^1.9.0"

async-limiter@~1.0.0:
  version "1.0.0"
  resolved "https://registry.yarnpkg.com/async-limiter/-/async-limiter-1.0.0.tgz#78faed8c3d074ab81f22b4e985d79e8738f720f8"

asynckit@^0.4.0:
  version "0.4.0"
  resolved "https://registry.yarnpkg.com/asynckit/-/asynckit-0.4.0.tgz#c79ed97f7f34cb8f2ba1bc9790bcc366474b4b79"

better-sqlite-pool@^0.1.2:
  version "0.1.2"
  resolved "https://registry.yarnpkg.com/better-sqlite-pool/-/better-sqlite-pool-0.1.2.tgz#2a06e6fb08c12fe3d5af8e1f379725b308553541"
  dependencies:
    "@types/better-sqlite3" "^3.1.3"
    better-sqlite3 "^4.1.1"

better-sqlite3@^4.1.1:
  version "4.2.0"
  resolved "https://registry.yarnpkg.com/better-sqlite3/-/better-sqlite3-4.2.0.tgz#68b0c52e5d95022d86dbe837b96e1a7938e1652c"
  dependencies:
    bindings "^1.3.0"
    integer "^1.0.5"

bindings@^1.3.0:
  version "1.3.0"
  resolved "https://registry.yarnpkg.com/bindings/-/bindings-1.3.0.tgz#b346f6ecf6a95f5a815c5839fc7cdb22502f1ed7"

chalk@^2.3.0:
  version "2.4.1"
  resolved "https://registry.yarnpkg.com/chalk/-/chalk-2.4.1.tgz#18c49ab16a037b6eb0152cc83e3471338215b66e"
  dependencies:
    ansi-styles "^3.2.1"
    escape-string-regexp "^1.0.5"
    supports-color "^5.3.0"

color-convert@^1.9.0:
  version "1.9.3"
  resolved "https://registry.yarnpkg.com/color-convert/-/color-convert-1.9.3.tgz#bb71850690e1f136567de629d2d5471deda4c1e8"
  dependencies:
    color-name "1.1.3"

color-name@1.1.3:
  version "1.1.3"
  resolved "https://registry.yarnpkg.com/color-name/-/color-name-1.1.3.tgz#a7d0558bd89c42f795dd42328f740831ca53bc25"

combined-stream@^1.0.6:
  version "1.0.7"
  resolved "https://registry.yarnpkg.com/combined-stream/-/combined-stream-1.0.7.tgz#2d1d24317afb8abe95d6d2c0b07b57813539d828"
  dependencies:
    delayed-stream "~1.0.0"

delayed-stream@~1.0.0:
  version "1.0.0"
  resolved "https://registry.yarnpkg.com/delayed-stream/-/delayed-stream-1.0.0.tgz#df3ae199acadfb7d440aaae0b29e2272b24ec619"

discord.js@discordjs/discord.js:
  version "12.0.0-dev"
  resolved "https://codeload.github.com/discordjs/discord.js/tar.gz/d92ee2ff999954899c891c093f5f107dd686b64f"
  dependencies:
    form-data "^2.3.2"
    node-fetch "^2.1.2"
    pako "^1.0.0"
    prism-media amishshah/prism-media
    tweetnacl "^1.0.0"
    ws "^6.0.0"

enmap@^4.2.1:
  version "4.3.3"
  resolved "https://registry.yarnpkg.com/enmap/-/enmap-4.3.3.tgz#35ad0b76b27c28d0ea65f98a59275511cd268b46"
  dependencies:
    lodash "^4.17.10"

escape-string-regexp@^1.0.5:
  version "1.0.5"
  resolved "https://registry.yarnpkg.com/escape-string-regexp/-/escape-string-regexp-1.0.5.tgz#1b61c0562190a8dff6ae3bb2cf0200ca130b86d4"

form-data@^2.3.2:
  version "2.3.3"
  resolved "https://registry.yarnpkg.com/form-data/-/form-data-2.3.3.tgz#dcce52c05f644f298c6a7ab936bd724ceffbf3a6"
  dependencies:
    asynckit "^0.4.0"
    combined-stream "^1.0.6"
    mime-types "^2.1.12"

has-flag@^3.0.0:
  version "3.0.0"
  resolved "https://registry.yarnpkg.com/has-flag/-/has-flag-3.0.0.tgz#b5d454dc2199ae225699f3467e5a07f3b955bafd"

html-entities@^1.1.3:
  version "1.2.1"
  resolved "https://registry.yarnpkg.com/html-entities/-/html-entities-1.2.1.tgz#0df29351f0721163515dfb9e5543e5f6eed5162f"

integer@^1.0.5:
  version "1.0.7"
  resolved "https://registry.yarnpkg.com/integer/-/integer-1.0.7.tgz#28b4aa59412bcd7159c337020ba9aed939ab4467"
  dependencies:
    bindings "^1.3.0"

iso8601-duration@^1.0.0:
  version "1.1.6"
  resolved "https://registry.yarnpkg.com/iso8601-duration/-/iso8601-duration-1.1.6.tgz#b393a1afcbc011f48206b439925317807883d81f"

lodash@^4.17.10:
  version "4.17.11"
  resolved "https://registry.yarnpkg.com/lodash/-/lodash-4.17.11.tgz#b39ea6229ef607ecd89e2c8df12536891cac9b8d"

m3u8stream@^0.6.0:
  version "0.6.0"
  resolved "https://registry.yarnpkg.com/m3u8stream/-/m3u8stream-0.6.0.tgz#a78378d491b66a1207e206f368a9259b074a0c7b"
  dependencies:
    miniget "^1.4.0"
    sax "^1.2.4"

mime-db@~1.37.0:
  version "1.37.0"
  resolved "https://registry.yarnpkg.com/mime-db/-/mime-db-1.37.0.tgz#0b6a0ce6fdbe9576e25f1f2d2fde8830dc0ad0d8"

mime-types@^2.1.12:
  version "2.1.21"
  resolved "https://registry.yarnpkg.com/mime-types/-/mime-types-2.1.21.tgz#28995aa1ecb770742fe6ae7e58f9181c744b3f96"
  dependencies:
    mime-db "~1.37.0"

miniget@^1.4.0:
  version "1.5.1"
  resolved "https://registry.yarnpkg.com/miniget/-/miniget-1.5.1.tgz#4f93840d5aaed21634cd12fd07d22f7d64e9d570"

moment-duration-format@^2.2.0:
  version "2.2.2"
  resolved "https://registry.yarnpkg.com/moment-duration-format/-/moment-duration-format-2.2.2.tgz#b957612de26016c9ad9eb6087c054573e5127779"

moment@^2.20.1:
  version "2.22.2"
  resolved "https://registry.yarnpkg.com/moment/-/moment-2.22.2.tgz#3c257f9839fc0e93ff53149632239eb90783ff66"

node-fetch@^2.1.2, node-fetch@^2.2.1:
  version "2.3.0"
  resolved "https://registry.yarnpkg.com/node-fetch/-/node-fetch-2.3.0.tgz#1a1d940bbfb916a1d3e0219f037e89e71f8c5fa5"

opusscript@^0.0.6:
  version "0.0.6"
  resolved "https://registry.yarnpkg.com/opusscript/-/opusscript-0.0.6.tgz#cf492fc5fb2c819af296ae02eaa3cf210433c9ba"

pako@^1.0.0:
  version "1.0.6"
  resolved "https://registry.yarnpkg.com/pako/-/pako-1.0.6.tgz#0101211baa70c4bca4a0f63f2206e97b7dfaf258"

prism-media@^0.0.3:
  version "0.0.3"
  resolved "https://registry.yarnpkg.com/prism-media/-/prism-media-0.0.3.tgz#8842d4fae804f099d3b48a9a38e3c2bab6f4855b"

prism-media@amishshah/prism-media:
  version "0.3.1"
  resolved "https://codeload.github.com/amishshah/prism-media/tar.gz/1e336c9a20dd0928ef3bdc2075ab58d1521fb323"

sax@^1.1.3, sax@^1.2.4:
  version "1.2.4"
  resolved "https://registry.yarnpkg.com/sax/-/sax-1.2.4.tgz#2816234e2378bddc4e5354fab5caa895df7100d9"

simple-youtube-api@^5.1.1:
  version "5.1.1"
  resolved "https://registry.yarnpkg.com/simple-youtube-api/-/simple-youtube-api-5.1.1.tgz#6e6d3892f6651c87cd7591d07f8e0259860447b4"
  dependencies:
    iso8601-duration "^1.0.0"
    node-fetch "^2.2.1"

supports-color@^5.3.0:
  version "5.5.0"
  resolved "https://registry.yarnpkg.com/supports-color/-/supports-color-5.5.0.tgz#e2e69a44ac8772f78a1ec0b35b689df6530efc8f"
  dependencies:
    has-flag "^3.0.0"

tweetnacl@^1.0.0:
  version "1.0.0"
  resolved "https://registry.yarnpkg.com/tweetnacl/-/tweetnacl-1.0.0.tgz#713d8b818da42068740bf68386d0479e66fc8a7b"

ws@^6.0.0:
  version "6.1.2"
  resolved "https://registry.yarnpkg.com/ws/-/ws-6.1.2.tgz#3cc7462e98792f0ac679424148903ded3b9c3ad8"
  dependencies:
    async-limiter "~1.0.0"

ytdl-core@^0.28.0:
  version "0.28.0"
  resolved "https://registry.yarnpkg.com/ytdl-core/-/ytdl-core-0.28.0.tgz#5f1ed2c9071f13c9c55e6e7187941f4ed32a2efe"
  dependencies:
    html-entities "^1.1.3"
    m3u8stream "^0.6.0"
    miniget "^1.4.0"
    sax "^1.1.3"
